
Microsoft Visual Studio Solution File, Format Version 12.00
# Visual Studio Version 16
VisualStudioVersion = 16.0.29920.165
MinimumVisualStudioVersion = 10.0.40219.1
Project("{FAE04EC0-301F-11D3-BF4B-00C04F79EFBC}") = "WindowsFormsApp6", "WindowsFormsApp6\WindowsFormsApp6.csproj", "{07B7B12D-A283-4B87-9037-26673B32FEA9}"
EndProject
Global
	GlobalSection(SolutionConfigurationPlatforms) = preSolution
		Debug|Any CPU = Debug|Any CPU
		Release|Any CPU = Release|Any CPU
	EndGlobalSection
	GlobalSection(ProjectConfigurationPlatforms) = postSolution
		{07B7B12D-A283-4B87-9037-26673B32FEA9}.Debug|Any CPU.ActiveCfg = Debug|Any CPU
		{07B7B12D-A283-4B87-9037-26673B32FEA9}.Debug|Any CPU.Build.0 = Debug|Any CPU
		{07B7B12D-A283-4B87-9037-26673B32FEA9}.Release|Any CPU.ActiveCfg = Release|Any CPU
		{07B7B12D-A283-4B87-9037-26673B32FEA9}.Release|Any CPU.Build.0 = Release|Any CPU
	EndGlobalSection
	GlobalSection(SolutionProperties) = preSolution
		HideSolutionNode = FALSE
	EndGlobalSection
	GlobalSection(ExtensibilityGlobals) = postSolution
		SolutionGuid = {038D4543-6B6B-458B-93AC-F76D31BCE932}
	EndGlobalSection
EndGlobal
